
Microsoft Visual Studio Solution File, Format Version 12.00
# Visual Studio Version 16
VisualStudioVersion = 16.0.34407.143
MinimumVisualStudioVersion = 10.0.40219.1
Project("{FAE04EC0-301F-11D3-BF4B-00C04F79EFBC}") = "DD Shoes", "DD Shoes\DD Shoes.csproj", "{E0A14EBE-4A49-4055-9F2B-2F02194EB96A}"
EndProject
Project("{FAE04EC0-301F-11D3-BF4B-00C04F79EFBC}") = "WebAPI", "WebAPI\WebAPI.csproj", "{6D9A7AEA-5418-4438-A19B-3017B1A6A25C}"
EndProject
Global
	GlobalSection(SolutionConfigurationPlatforms) = preSolution
		Debug|Any CPU = Debug|Any CPU
		Release|Any CPU = Release|Any CPU
	EndGlobalSection
	GlobalSection(ProjectConfigurationPlatforms) = postSolution
		{E0A14EBE-4A49-4055-9F2B-2F02194EB96A}.Debug|Any CPU.ActiveCfg = Debug|Any CPU
		{E0A14EBE-4A49-4055-9F2B-2F02194EB96A}.Debug|Any CPU.Build.0 = Debug|Any CPU
		{E0A14EBE-4A49-4055-9F2B-2F02194EB96A}.Release|Any CPU.ActiveCfg = Release|Any CPU
		{E0A14EBE-4A49-4055-9F2B-2F02194EB96A}.Release|Any CPU.Build.0 = Release|Any CPU
		{6D9A7AEA-5418-4438-A19B-3017B1A6A25C}.Debug|Any CPU.ActiveCfg = Debug|Any CPU
		{6D9A7AEA-5418-4438-A19B-3017B1A6A25C}.Debug|Any CPU.Build.0 = Debug|Any CPU
		{6D9A7AEA-5418-4438-A19B-3017B1A6A25C}.Release|Any CPU.ActiveCfg = Release|Any CPU
		{6D9A7AEA-5418-4438-A19B-3017B1A6A25C}.Release|Any CPU.Build.0 = Release|Any CPU
	EndGlobalSection
	GlobalSection(SolutionProperties) = preSolution
		HideSolutionNode = FALSE
	EndGlobalSection
	GlobalSection(ExtensibilityGlobals) = postSolution
		SolutionGuid = {1643350A-9526-414D-939A-0EF755BB6190}
	EndGlobalSection
EndGlobal
